
Microsoft Visual Studio Solution File, Format Version 12.00
# Visual Studio Version 17
VisualStudioVersion = 17.1.32421.90
MinimumVisualStudioVersion = 10.0.40219.1
Project("{9A19103F-16F7-4668-BE54-9A1E7A4F7556}") = "HeadTrackerService", "HeadTracker\HeadTrackerService.csproj", "{9AD5E411-32C2-4F7A-B7D4-FF37E6CDDC75}"
EndProject
Project("{FAE04EC0-301F-11D3-BF4B-00C04F79EFBC}") = "DesktopChanger", "DesktopChanger\DesktopChanger.csproj", "{112D0732-B282-43F0-A036-19E5D6808BFF}"
EndProject
Project("{FAE04EC0-301F-11D3-BF4B-00C04F79EFBC}") = "DesktopChangerApp", "DesktopChangerApp\DesktopChangerApp.csproj", "{EF32801E-2F2A-48C3-A1A3-447B7C364384}"
EndProject
Global
	GlobalSection(SolutionConfigurationPlatforms) = preSolution
		Debug|Any CPU = Debug|Any CPU
		Release|Any CPU = Release|Any CPU
	EndGlobalSection
	GlobalSection(ProjectConfigurationPlatforms) = postSolution
		{9AD5E411-32C2-4F7A-B7D4-FF37E6CDDC75}.Debug|Any CPU.ActiveCfg = Debug|Any CPU
		{9AD5E411-32C2-4F7A-B7D4-FF37E6CDDC75}.Debug|Any CPU.Build.0 = Debug|Any CPU
		{9AD5E411-32C2-4F7A-B7D4-FF37E6CDDC75}.Release|Any CPU.ActiveCfg = Release|Any CPU
		{9AD5E411-32C2-4F7A-B7D4-FF37E6CDDC75}.Release|Any CPU.Build.0 = Release|Any CPU
		{112D0732-B282-43F0-A036-19E5D6808BFF}.Debug|Any CPU.ActiveCfg = Debug|Any CPU
		{112D0732-B282-43F0-A036-19E5D6808BFF}.Debug|Any CPU.Build.0 = Debug|Any CPU
		{112D0732-B282-43F0-A036-19E5D6808BFF}.Release|Any CPU.ActiveCfg = Release|Any CPU
		{112D0732-B282-43F0-A036-19E5D6808BFF}.Release|Any CPU.Build.0 = Release|Any CPU
		{EF32801E-2F2A-48C3-A1A3-447B7C364384}.Debug|Any CPU.ActiveCfg = Debug|Any CPU
		{EF32801E-2F2A-48C3-A1A3-447B7C364384}.Debug|Any CPU.Build.0 = Debug|Any CPU
		{EF32801E-2F2A-48C3-A1A3-447B7C364384}.Release|Any CPU.ActiveCfg = Release|Any CPU
		{EF32801E-2F2A-48C3-A1A3-447B7C364384}.Release|Any CPU.Build.0 = Release|Any CPU
	EndGlobalSection
	GlobalSection(SolutionProperties) = preSolution
		HideSolutionNode = FALSE
	EndGlobalSection
	GlobalSection(ExtensibilityGlobals) = postSolution
		SolutionGuid = {4664C21D-361A-42E8-B1DD-E1103092C58F}
	EndGlobalSection
EndGlobal
